dependencies:
- name: postgresql
  repository: oci://registry-1.docker.io/bitnamicharts
  version: 13.2.25
- name: clickhouse
  repository: oci://registry-1.docker.io/bitnamicharts
  version: 4.1.14
- name: rabbitmq
  repository: oci://registry-1.docker.io/bitnamicharts
  version: 12.6.1
- name: redis
  repository: oci://registry-1.docker.io/bitnamicharts
  version: 17.11.8
- name: services-server
  repository: file://../services-server/
  version: 0.1.0
- name: k8s-collector
  repository: file://../k8s-collector/
  version: "0.1"
- name: relay-server
  repository: file://../relay-server/
  version: 0.1.0
- name: notifications
  repository: file://../notifications/
  version: 0.1.0
- name: ticket-server
  repository: file://../ticket-server/
  version: 0.1.0
- name: ml-k8s-server
  repository: file://../ml-k8s-server/
  version: "0.1"
- name: app
  repository: file://../app/
  version: "0.1"
- name: llm-server
  repository: file://../llm-server/
  version: 0.1.0
- name: rag-server
  repository: file://../rag-server/
  version: 0.1.0
- name: cloud-collector-server
  repository: file://../cloud-collector-server/
  version: 0.1.0
- name: nudgebee-qdrant-server
  repository: file://../nudgebee-qdrant-server/
  version: 1.0.0
- name: temporal
  repository: https://go.temporal.io/helm-charts
  version: 1.6.0
- name: workflow-server
  repository: file://../workflow-server/
  version: 0.1.0
- name: cost-server
  repository: file://../cost-server/
  version: 0.1.0
digest: sha256:c6df85780b45706c827a3aab508de6c1ab9a6b5401e6308ccd38fda0acd02901
generated: "2026-08-19T10:55:34.255089+05:30"
